
Microsoft Visual Studio Solution File, Format Version 12.00
# Visual Studio 14
VisualStudioVersion = 14.0.25420.1
MinimumVisualStudioVersion = 10.0.40219.1
Project("{FAE04EC0-301F-11D3-BF4B-00C04F79EFBC}") = "Toilluminate", "Toilluminate\Toilluminate.csproj", "{41CF1F40-E243-4A55-837D-BC09623250F4}"
EndProject
Project("{FAE04EC0-301F-11D3-BF4B-00C04F79EFBC}") = "ToilluminateModel", "ToilluminateModel\ToilluminateModel.csproj", "{219C8422-A380-4C96-9656-66B769185CC7}"
EndProject
Project("{FAE04EC0-301F-11D3-BF4B-00C04F79EFBC}") = "ToilluminateWeb", "ToilluminateWeb\ToilluminateWeb.csproj", "{FB199EA2-D8B0-4B1E-8001-3D76C15C68E9}"
EndProject
Global
	GlobalSection(SolutionConfigurationPlatforms) = preSolution
		Debug|Any CPU = Debug|Any CPU
		Release|Any CPU = Release|Any CPU
	EndGlobalSection
	GlobalSection(ProjectConfigurationPlatforms) = postSolution
		{41CF1F40-E243-4A55-837D-BC09623250F4}.Debug|Any CPU.ActiveCfg = Debug|Any CPU
		{41CF1F40-E243-4A55-837D-BC09623250F4}.Debug|Any CPU.Build.0 = Debug|Any CPU
		{41CF1F40-E243-4A55-837D-BC09623250F4}.Release|Any CPU.ActiveCfg = Release|Any CPU
		{41CF1F40-E243-4A55-837D-BC09623250F4}.Release|Any CPU.Build.0 = Release|Any CPU
		{219C8422-A380-4C96-9656-66B769185CC7}.Debug|Any CPU.ActiveCfg = Debug|Any CPU
		{219C8422-A380-4C96-9656-66B769185CC7}.Debug|Any CPU.Build.0 = Debug|Any CPU
		{219C8422-A380-4C96-9656-66B769185CC7}.Release|Any CPU.ActiveCfg = Release|Any CPU
		{219C8422-A380-4C96-9656-66B769185CC7}.Release|Any CPU.Build.0 = Release|Any CPU
		{FB199EA2-D8B0-4B1E-8001-3D76C15C68E9}.Debug|Any CPU.ActiveCfg = Debug|Any CPU
		{FB199EA2-D8B0-4B1E-8001-3D76C15C68E9}.Debug|Any CPU.Build.0 = Debug|Any CPU
		{FB199EA2-D8B0-4B1E-8001-3D76C15C68E9}.Release|Any CPU.ActiveCfg = Release|Any CPU
		{FB199EA2-D8B0-4B1E-8001-3D76C15C68E9}.Release|Any CPU.Build.0 = Release|Any CPU
	EndGlobalSection
	GlobalSection(SolutionProperties) = preSolution
		HideSolutionNode = FALSE
	EndGlobalSection
EndGlobal
