
Microsoft Visual Studio Solution File, Format Version 12.00
# Visual Studio 14
VisualStudioVersion = 14.0.25420.1
MinimumVisualStudioVersion = 10.0.40219.1
Project("{FAE04EC0-301F-11D3-BF4B-00C04F79EFBC}") = "Toilluminate", "Toilluminate\Toilluminate.csproj", "{41CF1F40-E243-4A55-837D-BC09623250F4}"
EndProject
Project("{FAE04EC0-301F-11D3-BF4B-00C04F79EFBC}") = "ToilluminateApp", "ToilluminateApp\ToilluminateApp.csproj", "{9162A4EF-4798-4D48-B654-BBF697F05B0B}"
EndProject
Project("{FAE04EC0-301F-11D3-BF4B-00C04F79EFBC}") = "ToilluminateClient", "ToilluminateClient\ToilluminateClient.csproj", "{AF89F8CF-B05B-496A-8A20-63D2C93D9E36}"
EndProject
Project("{FAE04EC0-301F-11D3-BF4B-00C04F79EFBC}") = "ToilluminateModel", "ToilluminateModel\ToilluminateModel.csproj", "{219C8422-A380-4C96-9656-66B769185CC7}"
EndProject
Global
	GlobalSection(SolutionConfigurationPlatforms) = preSolution
		Debug|Any CPU = Debug|Any CPU
		Debug|x86 = Debug|x86
		Release|Any CPU = Release|Any CPU
		Release|x86 = Release|x86
	EndGlobalSection
	GlobalSection(ProjectConfigurationPlatforms) = postSolution
		{41CF1F40-E243-4A55-837D-BC09623250F4}.Debug|Any CPU.ActiveCfg = Debug|Any CPU
		{41CF1F40-E243-4A55-837D-BC09623250F4}.Debug|Any CPU.Build.0 = Debug|Any CPU
		{41CF1F40-E243-4A55-837D-BC09623250F4}.Debug|x86.ActiveCfg = Debug|Any CPU
		{41CF1F40-E243-4A55-837D-BC09623250F4}.Debug|x86.Build.0 = Debug|Any CPU
		{41CF1F40-E243-4A55-837D-BC09623250F4}.Release|Any CPU.ActiveCfg = Release|Any CPU
		{41CF1F40-E243-4A55-837D-BC09623250F4}.Release|Any CPU.Build.0 = Release|Any CPU
		{41CF1F40-E243-4A55-837D-BC09623250F4}.Release|x86.ActiveCfg = Release|Any CPU
		{41CF1F40-E243-4A55-837D-BC09623250F4}.Release|x86.Build.0 = Release|Any CPU
		{9162A4EF-4798-4D48-B654-BBF697F05B0B}.Debug|Any CPU.ActiveCfg = Debug|Any CPU
		{9162A4EF-4798-4D48-B654-BBF697F05B0B}.Debug|Any CPU.Build.0 = Debug|Any CPU
		{9162A4EF-4798-4D48-B654-BBF697F05B0B}.Debug|x86.ActiveCfg = Debug|Any CPU
		{9162A4EF-4798-4D48-B654-BBF697F05B0B}.Debug|x86.Build.0 = Debug|Any CPU
		{9162A4EF-4798-4D48-B654-BBF697F05B0B}.Release|Any CPU.ActiveCfg = Release|Any CPU
		{9162A4EF-4798-4D48-B654-BBF697F05B0B}.Release|Any CPU.Build.0 = Release|Any CPU
		{9162A4EF-4798-4D48-B654-BBF697F05B0B}.Release|x86.ActiveCfg = Release|Any CPU
		{9162A4EF-4798-4D48-B654-BBF697F05B0B}.Release|x86.Build.0 = Release|Any CPU
		{AF89F8CF-B05B-496A-8A20-63D2C93D9E36}.Debug|Any CPU.ActiveCfg = Debug|Any CPU
		{AF89F8CF-B05B-496A-8A20-63D2C93D9E36}.Debug|Any CPU.Build.0 = Debug|Any CPU
		{AF89F8CF-B05B-496A-8A20-63D2C93D9E36}.Debug|x86.ActiveCfg = Debug|Any CPU
		{AF89F8CF-B05B-496A-8A20-63D2C93D9E36}.Debug|x86.Build.0 = Debug|Any CPU
		{AF89F8CF-B05B-496A-8A20-63D2C93D9E36}.Release|Any CPU.ActiveCfg = Release|Any CPU
		{AF89F8CF-B05B-496A-8A20-63D2C93D9E36}.Release|Any CPU.Build.0 = Release|Any CPU
		{AF89F8CF-B05B-496A-8A20-63D2C93D9E36}.Release|x86.ActiveCfg = Release|Any CPU
		{AF89F8CF-B05B-496A-8A20-63D2C93D9E36}.Release|x86.Build.0 = Release|Any CPU
		{219C8422-A380-4C96-9656-66B769185CC7}.Debug|Any CPU.ActiveCfg = Debug|Any CPU
		{219C8422-A380-4C96-9656-66B769185CC7}.Debug|Any CPU.Build.0 = Debug|Any CPU
		{219C8422-A380-4C96-9656-66B769185CC7}.Debug|x86.ActiveCfg = Debug|Any CPU
		{219C8422-A380-4C96-9656-66B769185CC7}.Debug|x86.Build.0 = Debug|Any CPU
		{219C8422-A380-4C96-9656-66B769185CC7}.Release|Any CPU.ActiveCfg = Release|Any CPU
		{219C8422-A380-4C96-9656-66B769185CC7}.Release|Any CPU.Build.0 = Release|Any CPU
		{219C8422-A380-4C96-9656-66B769185CC7}.Release|x86.ActiveCfg = Release|Any CPU
		{219C8422-A380-4C96-9656-66B769185CC7}.Release|x86.Build.0 = Release|Any CPU
	EndGlobalSection
	GlobalSection(SolutionProperties) = preSolution
		HideSolutionNode = FALSE
	EndGlobalSection
EndGlobal
